
Microsoft Visual Studio Solution File, Format Version 12.00
# Visual Studio Version 16
VisualStudioVersion = 16.0.29613.14
MinimumVisualStudioVersion = 10.0.40219.1
Project("{9A19103F-16F7-4668-BE54-9A1E7A4F7556}") = "Mercadao", "Loja\Mercadao.csproj", "{F8570F81-A217-458D-AC47-F4EE0A8EDEB9}"
EndProject
Global
	GlobalSection(SolutionConfigurationPlatforms) = preSolution
		Debug|Any CPU = Debug|Any CPU
		Release|Any CPU = Release|Any CPU
	EndGlobalSection
	GlobalSection(ProjectConfigurationPlatforms) = postSolution
		{F8570F81-A217-458D-AC47-F4EE0A8EDEB9}.Debug|Any CPU.ActiveCfg = Debug|Any CPU
		{F8570F81-A217-458D-AC47-F4EE0A8EDEB9}.Debug|Any CPU.Build.0 = Debug|Any CPU
		{F8570F81-A217-458D-AC47-F4EE0A8EDEB9}.Release|Any CPU.ActiveCfg = Release|Any CPU
		{F8570F81-A217-458D-AC47-F4EE0A8EDEB9}.Release|Any CPU.Build.0 = Release|Any CPU
	EndGlobalSection
	GlobalSection(SolutionProperties) = preSolution
		HideSolutionNode = FALSE
	EndGlobalSection
	GlobalSection(ExtensibilityGlobals) = postSolution
		SolutionGuid = {76B48723-4022-4F0B-83C0-B8FF02D554CF}
	EndGlobalSection
EndGlobal
