
Microsoft Visual Studio Solution File, Format Version 12.00
# Visual Studio Version 16
VisualStudioVersion = 16.0.29709.97
MinimumVisualStudioVersion = 10.0.40219.1
Project("{FAE04EC0-301F-11D3-BF4B-00C04F79EFBC}") = "teste", "teste\teste.csproj", "{A8A8C345-D239-44C2-A01C-6FE51C991178}"
EndProject
Global
	GlobalSection(SolutionConfigurationPlatforms) = preSolution
		Debug|Any CPU = Debug|Any CPU
		Release|Any CPU = Release|Any CPU
	EndGlobalSection
	GlobalSection(ProjectConfigurationPlatforms) = postSolution
		{A8A8C345-D239-44C2-A01C-6FE51C991178}.Debug|Any CPU.ActiveCfg = Debug|Any CPU
		{A8A8C345-D239-44C2-A01C-6FE51C991178}.Debug|Any CPU.Build.0 = Debug|Any CPU
		{A8A8C345-D239-44C2-A01C-6FE51C991178}.Release|Any CPU.ActiveCfg = Release|Any CPU
		{A8A8C345-D239-44C2-A01C-6FE51C991178}.Release|Any CPU.Build.0 = Release|Any CPU
	EndGlobalSection
	GlobalSection(SolutionProperties) = preSolution
		HideSolutionNode = FALSE
	EndGlobalSection
	GlobalSection(ExtensibilityGlobals) = postSolution
		SolutionGuid = {D7EED46C-2E36-46DD-873B-8B946B5B7204}
	EndGlobalSection
EndGlobal
